<?xml version="1.0" encoding="utf-8"?>
<Project ToolsVersion="4.0" xmlns="http://schemas.microsoft.com/developer/msbuild/2003">
  <ItemGroup>
    <Filter Include="Source Files">
      <UniqueIdentifier>{E1A0E051-8A50-4E6A-9B43-1C67DCBB8C0B}</UniqueIdentifier>
      <Extensions>cpp;c;cc;cxx;def;odl;idl;hpj;bat;asm;asmx</Extensions>
    </Filter>
    <Filter Include="Header Files">
      <UniqueIdentifier>{D1B6A0DE-0F3F-45C9-8CF6-2E26C21C3C35}</UniqueIdentifier>
      <Extensions>h;hh;hpp;hxx;hm;inl;inc;xsd</Extensions>
    </Filter>
    <Filter Include="Resource Files">
      <UniqueIdentifier>{8C34DAB1-1AF3-4B73-8C8F-5EBE5C066F19}</UniqueIdentifier>
      <Extensions>rc;ico;cur;bmp;dlg;rc2;rct;bin;rgs;gif;jpg;jpeg;jpe;resx;tiff;tif;png;wav;mfcribbon-ms</Extensions>
    </Filter>
    <Filter Include="proto">
      <UniqueIdentifier>{B27E7A93-02E5-4DF3-8206-4E5C93762F50}</UniqueIdentifier>
    </Filter>
  </ItemGroup>
  <ItemGroup>
    <ClCompile Include="BFC388Tool.cpp">
      <Filter>Source Files</Filter>
    </ClCompile>
    <ClCompile Include="BFC388ToolDlg.cpp">
      <Filter>Source Files</Filter>
    </ClCompile>
    <ClCompile Include="stdafx.cpp">
      <Filter>Source Files</Filter>
    </ClCompile>
    <ClCompile Include="proto\bfc388_proto.c">
      <Filter>proto</Filter>
    </ClCompile>
    <ClCompile Include="proto\serial_port_win.c">
      <Filter>proto</Filter>
    </ClCompile>
  </ItemGroup>
  <ItemGroup>
    <ClInclude Include="BFC388Tool.h">
      <Filter>Header Files</Filter>
    </ClInclude>
    <ClInclude Include="BFC388ToolDlg.h">
      <Filter>Header Files</Filter>
    </ClInclude>
    <ClInclude Include="Resource.h">
      <Filter>Header Files</Filter>
    </ClInclude>
    <ClInclude Include="stdafx.h">
      <Filter>Header Files</Filter>
    </ClInclude>
    <ClInclude Include="proto\bfc388_proto.h">
      <Filter>proto</Filter>
    </ClInclude>
    <ClInclude Include="proto\serial_port_win.h">
      <Filter>proto</Filter>
    </ClInclude>
    <ClInclude Include="DShowPreview.h">
      <Filter>Source Files</Filter>
    </ClInclude>
  </ItemGroup>
  <ItemGroup>
    <ResourceCompile Include="BFC388Tool.rc">
      <Filter>Resource Files</Filter>
    </ResourceCompile>
  </ItemGroup>
</Project>